
Microsoft Visual Studio Solution File, Format Version 12.00
# Visual Studio Version 16
VisualStudioVersion = 16.0.29709.97
MinimumVisualStudioVersion = 10.0.40219.1
Project("{8BC9CEB8-8B4A-11D0-8D11-00A0C91BC942}") = "Snake", "Snake.vcxproj", "{43FB6CBE-0D80-330A-9C32-05B548614A02}"
EndProject
Global
	GlobalSection(SolutionConfigurationPlatforms) = preSolution
		Debug|x64 = Debug|x64
		Release|x64 = Release|x64
	EndGlobalSection
	GlobalSection(ProjectConfigurationPlatforms) = postSolution
		{43FB6CBE-0D80-330A-9C32-05B548614A02}.Debug|x64.ActiveCfg = Debug|x64
		{43FB6CBE-0D80-330A-9C32-05B548614A02}.Debug|x64.Build.0 = Debug|x64
		{43FB6CBE-0D80-330A-9C32-05B548614A02}.Release|x64.ActiveCfg = Release|x64
		{43FB6CBE-0D80-330A-9C32-05B548614A02}.Release|x64.Build.0 = Release|x64
	EndGlobalSection
	GlobalSection(SolutionProperties) = preSolution
		HideSolutionNode = FALSE
	EndGlobalSection
	GlobalSection(ExtensibilityGlobals) = postSolution
		SolutionGuid = {F079EDF1-D2CC-4D16-8C62-03665D224FD6}
	EndGlobalSection
EndGlobal
